// !$*UTF8*$!
{
	archiveVersion = 1;
	classes = {
	};
	objectVersion = 77;
	objects = {

/* Begin PBXFileReference section */
		1C26F0E82CD7DAAE00E9571F /* playground.swift */ = {isa = PBXFileReference; lastKnownFileType = sourcecode.swift; path = playground.swift; sourceTree = "<group>"; };
/* End PBXFileReference section */

/* Begin PBXGroup section */
		1C26F0E12CD7DA5400E9571F = {
			isa = PBXGroup;
			children = (
				1C26F0E82CD7DAAE00E9571F /* playground.swift */,
			);
			sourceTree = "<group>";
		};
/* End PBXGroup section */

/* Begin PBXProject section */
		1C26F0E22CD7DA5400E9571F /* Project object */ = {
			isa = PBXProject;
			attributes = {
				BuildIndependentTargetsInParallel = 1;
				LastUpgradeCheck = 1610;
			};
			buildConfigurationList = 1C26F0E52CD7DA5400E9571F /* Build configuration list for PBXProject "First_Playground" */;
			developmentRegion = en;
			hasScannedForEncodings = 0;
			knownRegions = (
				en,
				Base,
			);
			mainGroup = 1C26F0E12CD7DA5400E9571F;
			minimizedProjectReferenceProxies = 1;
			preferredProjectObjectVersion = 77;
			projectDirPath = "";
			projectRoot = "";
			targets = (
			);
		};
/* End PBXProject section */

/* Begin XCBuildConfiguration section */
		1C26F0E62CD7DA5400E9571F /* Debug */ = {
			isa = XCBuildConfiguration;
			buildSettings = {
			};
			name = Debug;
		};
		1C26F0E72CD7DA5400E9571F /* Release */ = {
			isa = XCBuildConfiguration;
			buildSettings = {
			};
			name = Release;
		};
/* End XCBuildConfiguration section */

/* Begin XCConfigurationList section */
		1C26F0E52CD7DA5400E9571F /* Build configuration list for PBXProject "First_Playground" */ = {
			isa = XCConfigurationList;
			buildConfigurations = (
				1C26F0E62CD7DA5400E9571F /* Debug */,
				1C26F0E72CD7DA5400E9571F /* Release */,
			);
			defaultConfigurationIsVisible = 0;
			defaultConfigurationName = Release;
		};
/* End XCConfigurationList section */
	};
	rootObject = 1C26F0E22CD7DA5400E9571F /* Project object */;
}
